
Microsoft Visual Studio Solution File, Format Version 12.00
# Visual Studio Version 17
VisualStudioVersion = 17.4.33205.214
MinimumVisualStudioVersion = 10.0.40219.1
Project("{FAE04EC0-301F-11D3-BF4B-00C04F79EFBC}") = "Document_Repository", "Document_Repository.csproj", "{91BD010B-791A-4C2D-99CC-0F678119ED63}"
EndProject
Global
	GlobalSection(SolutionConfigurationPlatforms) = preSolution
		Debug|Any CPU = Debug|Any CPU
		Release|Any CPU = Release|Any CPU
	EndGlobalSection
	GlobalSection(ProjectConfigurationPlatforms) = postSolution
		{91BD010B-791A-4C2D-99CC-0F678119ED63}.Debug|Any CPU.ActiveCfg = Debug|Any CPU
		{91BD010B-791A-4C2D-99CC-0F678119ED63}.Debug|Any CPU.Build.0 = Debug|Any CPU
		{91BD010B-791A-4C2D-99CC-0F678119ED63}.Release|Any CPU.ActiveCfg = Release|Any CPU
		{91BD010B-791A-4C2D-99CC-0F678119ED63}.Release|Any CPU.Build.0 = Release|Any CPU
	EndGlobalSection
	GlobalSection(SolutionProperties) = preSolution
		HideSolutionNode = FALSE
	EndGlobalSection
	GlobalSection(ExtensibilityGlobals) = postSolution
		SolutionGuid = {A129F938-D718-4163-91A3-B7B07A0BE344}
	EndGlobalSection
EndGlobal
